<?xml version="1.0" encoding="utf-8"?>
<Project ToolsVersion="4.0" xmlns="http://schemas.microsoft.com/developer/msbuild/2003">
  <ItemGroup>
    <ClCompile Include="Render\Camera.cpp">
      <Filter>Render</Filter>
    </ClCompile>
    <ClCompile Include="Render\Render.cpp">
      <Filter>Render</Filter>
    </ClCompile>
    <ClCompile Include="RenderUtils.cpp" />
    <ClCompile Include="main.cpp" />
    <ClCompile Include="callbacks.cpp" />
    <ClCompile Include="objects\Particles\Particle.cpp" />
    <ClCompile Include="objects\ParticleGenerators\GaussianParticleGenerator.cpp" />
    <ClCompile Include="objects\ParticleGenerators\UniformParticleGenerator.cpp" />
    <ClCompile Include="objects\ParticleSystem.cpp" />
    <ClCompile Include="objects\Particles\Firework.cpp" />
    <ClCompile Include="objects\ParticleGenerators\CircleParticleGenerator.cpp" />
    <ClCompile Include="objects\ParticleGenerators\SphereParticleGenerator.cpp" />
    <ClCompile Include="objects\ParticleGenerators\StarParticleGenerator.cpp" />
    <ClCompile Include="objects\ForceGenerators\GravityForceGenerator.cpp" />
    <ClCompile Include="objects\ForceGenerators\DragForceGenerator.cpp" />
    <ClCompile Include="objects\ForceGenerators\WindForceGenerator.cpp" />
    <ClCompile Include="objects\ForceGenerators\WhirlwindForceGenerator.cpp" />
    <ClCompile Include="objects\ForceGenerators\ExplosionForceGenerator.cpp" />
    <ClCompile Include="objects\ForceGenerators\AnchoredSpringFG.cpp" />
    <ClCompile Include="objects\ForceGenerators\BouyancyForceGenerator.cpp" />
  </ItemGroup>
  <ItemGroup>
    <ClInclude Include="core.hpp" />
    <ClInclude Include="Render\Camera.h">
      <Filter>Render</Filter>
    </ClInclude>
    <ClInclude Include="Render\Render.h">
      <Filter>Render</Filter>
    </ClInclude>
    <ClInclude Include="RenderUtils.hpp" />
    <ClInclude Include="callbacks.hpp" />
    <ClInclude Include="objects\Particles\Particle.h" />
    <ClInclude Include="objects\Particles\Proyectile.h" />
    <ClInclude Include="objects\ParticleGenerators\ParticleGenerator.h" />
    <ClInclude Include="objects\ParticleGenerators\GaussianParticleGenerator.h" />
    <ClInclude Include="objects\ParticleGenerators\UniformParticleGenerator.h" />
    <ClInclude Include="objects\ParticleSystem.h" />
    <ClInclude Include="objects\Particles\Firework.h" />
    <ClInclude Include="objects\ParticleGenerators\CircleParticleGenerator.h" />
    <ClInclude Include="objects\ParticleGenerators\SphereParticleGenerator.h" />
    <ClInclude Include="objects\ParticleGenerators\StarParticleGenerator.h" />
    <ClInclude Include="objects\ForceGenerators\ForceGenerator.h" />
    <ClInclude Include="objects\ForceRegistry.hpp" />
    <ClInclude Include="objects\ForceGenerators\GravityForceGenerator.h" />
    <ClInclude Include="objects\ForceGenerators\DragForceGenerator.h" />
    <ClInclude Include="objects\ForceGenerators\WindForceGenerator.h" />
    <ClInclude Include="objects\ForceGenerators\WhirlwindForceGenerator.h" />
    <ClInclude Include="objects\ForceGenerators\ExplosionForceGenerator.h" />
    <ClInclude Include="objects\ForceGenerators\SpringForceGenerator.h" />
    <ClInclude Include="objects\ForceGenerators\AnchoredSpringFG.h" />
    <ClInclude Include="objects\ForceGenerators\BouyancyForceGenerator.h" />
    <ClInclude Include="objects\IncludeFiles\ForceGeneratorsIncludes.h" />
    <ClInclude Include="objects\IncludeFiles\ParticleGeneratorsIncludes.h" />
    <ClInclude Include="objects\Constraints\ParticleLink.h" />
    <ClInclude Include="objects\Particles\RigidParticle.h" />
    <ClInclude Include="objects\ParticleGenerators\RigidParticleGenerator.h" />
  </ItemGroup>
  <ItemGroup>
    <Filter Include="Render">
      <UniqueIdentifier>{d04b4f9f-5a69-465e-8070-25c6d0bcd3c2}</UniqueIdentifier>
    </Filter>
  </ItemGroup>
</Project>